
Microsoft Visual Studio Solution File, Format Version 12.00
# Visual Studio 14
VisualStudioVersion = 14.0.23107.0
MinimumVisualStudioVersion = 10.0.40219.1
Project("{FAE04EC0-301F-11D3-BF4B-00C04F79EFBC}") = "Realtime.XamarinSample", "Realtime.XamarinSample\Realtime.XamarinSample.csproj", "{4BFE06E8-FF45-45BB-AC8E-B5E1CF834D76}"
EndProject
Project("{2150E333-8FDC-42A3-9474-1A3956D46DE8}") = "Platforms", "Platforms", "{0C8A07BE-F547-4DDC-8BCF-5D07569AF031}"
EndProject
Project("{FAE04EC0-301F-11D3-BF4B-00C04F79EFBC}") = "Realtime.XamarinSample.Droid", "Realtime.XamarinSample.Droid\Realtime.XamarinSample.Droid.csproj", "{5356DFB6-0518-4C72-A3A9-197A81144EED}"
EndProject
Project("{FAE04EC0-301F-11D3-BF4B-00C04F79EFBC}") = "Realtime.XamarinSample.iOS", "Realtime.XamarinSample.iOS\Realtime.XamarinSample.iOS.csproj", "{56753DDC-141B-4C51-9330-0ED90B943D44}"
EndProject
Global
	GlobalSection(SolutionConfigurationPlatforms) = preSolution
		Ad-Hoc|Any CPU = Ad-Hoc|Any CPU
		Ad-Hoc|ARM = Ad-Hoc|ARM
		Ad-Hoc|iPhone = Ad-Hoc|iPhone
		Ad-Hoc|iPhoneSimulator = Ad-Hoc|iPhoneSimulator
		Ad-Hoc|Mixed Platforms = Ad-Hoc|Mixed Platforms
		Ad-Hoc|x86 = Ad-Hoc|x86
		AppStore|Any CPU = AppStore|Any CPU
		AppStore|ARM = AppStore|ARM
		AppStore|iPhone = AppStore|iPhone
		AppStore|iPhoneSimulator = AppStore|iPhoneSimulator
		AppStore|Mixed Platforms = AppStore|Mixed Platforms
		AppStore|x86 = AppStore|x86
		Debug|Any CPU = Debug|Any CPU
		Debug|ARM = Debug|ARM
		Debug|iPhone = Debug|iPhone
		Debug|iPhoneSimulator = Debug|iPhoneSimulator
		Debug|Mixed Platforms = Debug|Mixed Platforms
		Debug|x86 = Debug|x86
		Release|Any CPU = Release|Any CPU
		Release|ARM = Release|ARM
		Release|iPhone = Release|iPhone
		Release|iPhoneSimulator = Release|iPhoneSimulator
		Release|Mixed Platforms = Release|Mixed Platforms
		Release|x86 = Release|x86
	EndGlobalSection
	GlobalSection(ProjectConfigurationPlatforms) = postSolution
		{4BFE06E8-FF45-45BB-AC8E-B5E1CF834D76}.Ad-Hoc|Any CPU.ActiveCfg = Release|Any CPU
		{4BFE06E8-FF45-45BB-AC8E-B5E1CF834D76}.Ad-Hoc|Any CPU.Build.0 = Release|Any CPU
		{4BFE06E8-FF45-45BB-AC8E-B5E1CF834D76}.Ad-Hoc|ARM.ActiveCfg = Release|Any CPU
		{4BFE06E8-FF45-45BB-AC8E-B5E1CF834D76}.Ad-Hoc|iPhone.ActiveCfg = Release|Any CPU
		{4BFE06E8-FF45-45BB-AC8E-B5E1CF834D76}.Ad-Hoc|iPhoneSimulator.ActiveCfg = Release|Any CPU
		{4BFE06E8-FF45-45BB-AC8E-B5E1CF834D76}.Ad-Hoc|Mixed Platforms.ActiveCfg = Release|Any CPU
		{4BFE06E8-FF45-45BB-AC8E-B5E1CF834D76}.Ad-Hoc|Mixed Platforms.Build.0 = Release|Any CPU
		{4BFE06E8-FF45-45BB-AC8E-B5E1CF834D76}.Ad-Hoc|x86.ActiveCfg = Release|Any CPU
		{4BFE06E8-FF45-45BB-AC8E-B5E1CF834D76}.AppStore|Any CPU.ActiveCfg = Release|Any CPU
		{4BFE06E8-FF45-45BB-AC8E-B5E1CF834D76}.AppStore|Any CPU.Build.0 = Release|Any CPU
		{4BFE06E8-FF45-45BB-AC8E-B5E1CF834D76}.AppStore|ARM.ActiveCfg = Release|Any CPU
		{4BFE06E8-FF45-45BB-AC8E-B5E1CF834D76}.AppStore|iPhone.ActiveCfg = Release|Any CPU
		{4BFE06E8-FF45-45BB-AC8E-B5E1CF834D76}.AppStore|iPhoneSimulator.ActiveCfg = Release|Any CPU
		{4BFE06E8-FF45-45BB-AC8E-B5E1CF834D76}.AppStore|Mixed Platforms.ActiveCfg = Release|Any CPU
		{4BFE06E8-FF45-45BB-AC8E-B5E1CF834D76}.AppStore|Mixed Platforms.Build.0 = Release|Any CPU
		{4BFE06E8-FF45-45BB-AC8E-B5E1CF834D76}.AppStore|x86.ActiveCfg = Release|Any CPU
		{4BFE06E8-FF45-45BB-AC8E-B5E1CF834D76}.Debug|Any CPU.ActiveCfg = Debug|Any CPU
		{4BFE06E8-FF45-45BB-AC8E-B5E1CF834D76}.Debug|Any CPU.Build.0 = Debug|Any CPU
		{4BFE06E8-FF45-45BB-AC8E-B5E1CF834D76}.Debug|ARM.ActiveCfg = Debug|Any CPU
		{4BFE06E8-FF45-45BB-AC8E-B5E1CF834D76}.Debug|iPhone.ActiveCfg = Debug|Any CPU
		{4BFE06E8-FF45-45BB-AC8E-B5E1CF834D76}.Debug|iPhoneSimulator.ActiveCfg = Debug|Any CPU
		{4BFE06E8-FF45-45BB-AC8E-B5E1CF834D76}.Debug|Mixed Platforms.ActiveCfg = Debug|Any CPU
		{4BFE06E8-FF45-45BB-AC8E-B5E1CF834D76}.Debug|Mixed Platforms.Build.0 = Debug|Any CPU
		{4BFE06E8-FF45-45BB-AC8E-B5E1CF834D76}.Debug|x86.ActiveCfg = Debug|Any CPU
		{4BFE06E8-FF45-45BB-AC8E-B5E1CF834D76}.Release|Any CPU.ActiveCfg = Release|Any CPU
		{4BFE06E8-FF45-45BB-AC8E-B5E1CF834D76}.Release|Any CPU.Build.0 = Release|Any CPU
		{4BFE06E8-FF45-45BB-AC8E-B5E1CF834D76}.Release|ARM.ActiveCfg = Release|Any CPU
		{4BFE06E8-FF45-45BB-AC8E-B5E1CF834D76}.Release|iPhone.ActiveCfg = Release|Any CPU
		{4BFE06E8-FF45-45BB-AC8E-B5E1CF834D76}.Release|iPhoneSimulator.ActiveCfg = Release|Any CPU
		{4BFE06E8-FF45-45BB-AC8E-B5E1CF834D76}.Release|Mixed Platforms.ActiveCfg = Release|Any CPU
		{4BFE06E8-FF45-45BB-AC8E-B5E1CF834D76}.Release|Mixed Platforms.Build.0 = Release|Any CPU
		{4BFE06E8-FF45-45BB-AC8E-B5E1CF834D76}.Release|x86.ActiveCfg = Release|Any CPU
		{5356DFB6-0518-4C72-A3A9-197A81144EED}.Ad-Hoc|Any CPU.ActiveCfg = Release|Any CPU
		{5356DFB6-0518-4C72-A3A9-197A81144EED}.Ad-Hoc|Any CPU.Build.0 = Release|Any CPU
		{5356DFB6-0518-4C72-A3A9-197A81144EED}.Ad-Hoc|Any CPU.Deploy.0 = Release|Any CPU
		{5356DFB6-0518-4C72-A3A9-197A81144EED}.Ad-Hoc|ARM.ActiveCfg = Release|Any CPU
		{5356DFB6-0518-4C72-A3A9-197A81144EED}.Ad-Hoc|iPhone.ActiveCfg = Release|Any CPU
		{5356DFB6-0518-4C72-A3A9-197A81144EED}.Ad-Hoc|iPhoneSimulator.ActiveCfg = Release|Any CPU
		{5356DFB6-0518-4C72-A3A9-197A81144EED}.Ad-Hoc|Mixed Platforms.ActiveCfg = Release|Any CPU
		{5356DFB6-0518-4C72-A3A9-197A81144EED}.Ad-Hoc|Mixed Platforms.Build.0 = Release|Any CPU
		{5356DFB6-0518-4C72-A3A9-197A81144EED}.Ad-Hoc|Mixed Platforms.Deploy.0 = Release|Any CPU
		{5356DFB6-0518-4C72-A3A9-197A81144EED}.Ad-Hoc|x86.ActiveCfg = Release|Any CPU
		{5356DFB6-0518-4C72-A3A9-197A81144EED}.AppStore|Any CPU.ActiveCfg = Release|Any CPU
		{5356DFB6-0518-4C72-A3A9-197A81144EED}.AppStore|Any CPU.Build.0 = Release|Any CPU
		{5356DFB6-0518-4C72-A3A9-197A81144EED}.AppStore|Any CPU.Deploy.0 = Release|Any CPU
		{5356DFB6-0518-4C72-A3A9-197A81144EED}.AppStore|ARM.ActiveCfg = Release|Any CPU
		{5356DFB6-0518-4C72-A3A9-197A81144EED}.AppStore|iPhone.ActiveCfg = Release|Any CPU
		{5356DFB6-0518-4C72-A3A9-197A81144EED}.AppStore|iPhoneSimulator.ActiveCfg = Release|Any CPU
		{5356DFB6-0518-4C72-A3A9-197A81144EED}.AppStore|Mixed Platforms.ActiveCfg = Release|Any CPU
		{5356DFB6-0518-4C72-A3A9-197A81144EED}.AppStore|Mixed Platforms.Build.0 = Release|Any CPU
		{5356DFB6-0518-4C72-A3A9-197A81144EED}.AppStore|Mixed Platforms.Deploy.0 = Release|Any CPU
		{5356DFB6-0518-4C72-A3A9-197A81144EED}.AppStore|x86.ActiveCfg = Release|Any CPU
		{5356DFB6-0518-4C72-A3A9-197A81144EED}.Debug|Any CPU.ActiveCfg = Debug|Any CPU
		{5356DFB6-0518-4C72-A3A9-197A81144EED}.Debug|Any CPU.Build.0 = Debug|Any CPU
		{5356DFB6-0518-4C72-A3A9-197A81144EED}.Debug|Any CPU.Deploy.0 = Debug|Any CPU
		{5356DFB6-0518-4C72-A3A9-197A81144EED}.Debug|ARM.ActiveCfg = Debug|Any CPU
		{5356DFB6-0518-4C72-A3A9-197A81144EED}.Debug|iPhone.ActiveCfg = Debug|Any CPU
		{5356DFB6-0518-4C72-A3A9-197A81144EED}.Debug|iPhoneSimulator.ActiveCfg = Debug|Any CPU
		{5356DFB6-0518-4C72-A3A9-197A81144EED}.Debug|Mixed Platforms.ActiveCfg = Debug|Any CPU
		{5356DFB6-0518-4C72-A3A9-197A81144EED}.Debug|Mixed Platforms.Build.0 = Debug|Any CPU
		{5356DFB6-0518-4C72-A3A9-197A81144EED}.Debug|Mixed Platforms.Deploy.0 = Debug|Any CPU
		{5356DFB6-0518-4C72-A3A9-197A81144EED}.Debug|x86.ActiveCfg = Debug|Any CPU
		{5356DFB6-0518-4C72-A3A9-197A81144EED}.Release|Any CPU.ActiveCfg = Release|Any CPU
		{5356DFB6-0518-4C72-A3A9-197A81144EED}.Release|Any CPU.Build.0 = Release|Any CPU
		{5356DFB6-0518-4C72-A3A9-197A81144EED}.Release|Any CPU.Deploy.0 = Release|Any CPU
		{5356DFB6-0518-4C72-A3A9-197A81144EED}.Release|ARM.ActiveCfg = Release|Any CPU
		{5356DFB6-0518-4C72-A3A9-197A81144EED}.Release|iPhone.ActiveCfg = Release|Any CPU
		{5356DFB6-0518-4C72-A3A9-197A81144EED}.Release|iPhoneSimulator.ActiveCfg = Release|Any CPU
		{5356DFB6-0518-4C72-A3A9-197A81144EED}.Release|Mixed Platforms.ActiveCfg = Release|Any CPU
		{5356DFB6-0518-4C72-A3A9-197A81144EED}.Release|Mixed Platforms.Build.0 = Release|Any CPU
		{5356DFB6-0518-4C72-A3A9-197A81144EED}.Release|Mixed Platforms.Deploy.0 = Release|Any CPU
		{5356DFB6-0518-4C72-A3A9-197A81144EED}.Release|x86.ActiveCfg = Release|Any CPU
		{56753DDC-141B-4C51-9330-0ED90B943D44}.Ad-Hoc|Any CPU.ActiveCfg = Ad-Hoc|iPhone
		{56753DDC-141B-4C51-9330-0ED90B943D44}.Ad-Hoc|ARM.ActiveCfg = Ad-Hoc|iPhone
		{56753DDC-141B-4C51-9330-0ED90B943D44}.Ad-Hoc|iPhone.ActiveCfg = Ad-Hoc|iPhone
		{56753DDC-141B-4C51-9330-0ED90B943D44}.Ad-Hoc|iPhone.Build.0 = Ad-Hoc|iPhone
		{56753DDC-141B-4C51-9330-0ED90B943D44}.Ad-Hoc|iPhoneSimulator.ActiveCfg = Ad-Hoc|iPhoneSimulator
		{56753DDC-141B-4C51-9330-0ED90B943D44}.Ad-Hoc|iPhoneSimulator.Build.0 = Ad-Hoc|iPhoneSimulator
		{56753DDC-141B-4C51-9330-0ED90B943D44}.Ad-Hoc|Mixed Platforms.ActiveCfg = Ad-Hoc|iPhone
		{56753DDC-141B-4C51-9330-0ED90B943D44}.Ad-Hoc|Mixed Platforms.Build.0 = Ad-Hoc|iPhone
		{56753DDC-141B-4C51-9330-0ED90B943D44}.Ad-Hoc|x86.ActiveCfg = Ad-Hoc|iPhone
		{56753DDC-141B-4C51-9330-0ED90B943D44}.AppStore|Any CPU.ActiveCfg = AppStore|iPhone
		{56753DDC-141B-4C51-9330-0ED90B943D44}.AppStore|ARM.ActiveCfg = AppStore|iPhone
		{56753DDC-141B-4C51-9330-0ED90B943D44}.AppStore|iPhone.ActiveCfg = AppStore|iPhone
		{56753DDC-141B-4C51-9330-0ED90B943D44}.AppStore|iPhone.Build.0 = AppStore|iPhone
		{56753DDC-141B-4C51-9330-0ED90B943D44}.AppStore|iPhoneSimulator.ActiveCfg = AppStore|iPhoneSimulator
		{56753DDC-141B-4C51-9330-0ED90B943D44}.AppStore|iPhoneSimulator.Build.0 = AppStore|iPhoneSimulator
		{56753DDC-141B-4C51-9330-0ED90B943D44}.AppStore|Mixed Platforms.ActiveCfg = AppStore|iPhone
		{56753DDC-141B-4C51-9330-0ED90B943D44}.AppStore|Mixed Platforms.Build.0 = AppStore|iPhone
		{56753DDC-141B-4C51-9330-0ED90B943D44}.AppStore|x86.ActiveCfg = AppStore|iPhone
		{56753DDC-141B-4C51-9330-0ED90B943D44}.Debug|Any CPU.ActiveCfg = Debug|iPhone
		{56753DDC-141B-4C51-9330-0ED90B943D44}.Debug|ARM.ActiveCfg = Debug|iPhone
		{56753DDC-141B-4C51-9330-0ED90B943D44}.Debug|iPhone.ActiveCfg = Debug|iPhone
		{56753DDC-141B-4C51-9330-0ED90B943D44}.Debug|iPhone.Build.0 = Debug|iPhone
		{56753DDC-141B-4C51-9330-0ED90B943D44}.Debug|iPhoneSimulator.ActiveCfg = Debug|iPhoneSimulator
		{56753DDC-141B-4C51-9330-0ED90B943D44}.Debug|iPhoneSimulator.Build.0 = Debug|iPhoneSimulator
		{56753DDC-141B-4C51-9330-0ED90B943D44}.Debug|Mixed Platforms.ActiveCfg = Debug|iPhone
		{56753DDC-141B-4C51-9330-0ED90B943D44}.Debug|Mixed Platforms.Build.0 = Debug|iPhone
		{56753DDC-141B-4C51-9330-0ED90B943D44}.Debug|x86.ActiveCfg = Debug|iPhone
		{56753DDC-141B-4C51-9330-0ED90B943D44}.Release|Any CPU.ActiveCfg = Release|iPhone
		{56753DDC-141B-4C51-9330-0ED90B943D44}.Release|ARM.ActiveCfg = Release|iPhone
		{56753DDC-141B-4C51-9330-0ED90B943D44}.Release|iPhone.ActiveCfg = Release|iPhone
		{56753DDC-141B-4C51-9330-0ED90B943D44}.Release|iPhone.Build.0 = Release|iPhone
		{56753DDC-141B-4C51-9330-0ED90B943D44}.Release|iPhoneSimulator.ActiveCfg = Release|iPhoneSimulator
		{56753DDC-141B-4C51-9330-0ED90B943D44}.Release|iPhoneSimulator.Build.0 = Release|iPhoneSimulator
		{56753DDC-141B-4C51-9330-0ED90B943D44}.Release|Mixed Platforms.ActiveCfg = Release|iPhone
		{56753DDC-141B-4C51-9330-0ED90B943D44}.Release|Mixed Platforms.Build.0 = Release|iPhone
		{56753DDC-141B-4C51-9330-0ED90B943D44}.Release|x86.ActiveCfg = Release|iPhone
	EndGlobalSection
	GlobalSection(SolutionProperties) = preSolution
		HideSolutionNode = FALSE
	EndGlobalSection
	GlobalSection(NestedProjects) = preSolution
		{5356DFB6-0518-4C72-A3A9-197A81144EED} = {0C8A07BE-F547-4DDC-8BCF-5D07569AF031}
		{56753DDC-141B-4C51-9330-0ED90B943D44} = {0C8A07BE-F547-4DDC-8BCF-5D07569AF031}
	EndGlobalSection
EndGlobal
